
Microsoft Visual Studio Solution File, Format Version 12.00
# Visual Studio Version 16
VisualStudioVersion = 16.0.29709.97
MinimumVisualStudioVersion = 10.0.40219.1
Project("{FAE04EC0-301F-11D3-BF4B-00C04F79EFBC}") = "1_TypyGeneryczne", "1_TypyGeneryczne\1_TypyGeneryczne.csproj", "{57E206A7-6200-4167-A032-FAFB03686C8B}"
EndProject
Project("{FAE04EC0-301F-11D3-BF4B-00C04F79EFBC}") = "2_KolekcjeGeneryczne", "2_KolekcjeGeneryczne\2_KolekcjeGeneryczne.csproj", "{B48CC3E7-8708-4AB0-BCE0-5FEA562FFA95}"
EndProject
Project("{FAE04EC0-301F-11D3-BF4B-00C04F79EFBC}") = "1_TypyGeneryczneTesty", "1_TypyGeneryczneTesty\1_TypyGeneryczneTesty.csproj", "{964E0C34-E4D4-4CA7-9E88-17CAB7D3A0F9}"
EndProject
Project("{FAE04EC0-301F-11D3-BF4B-00C04F79EFBC}") = "2_KolekcjeGeneryczneTesty", "2_KolekcjeGeneryczneTesty\2_KolekcjeGeneryczneTesty.csproj", "{1B8640FC-EBAB-4BC1-9376-7E89A7D9383A}"
EndProject
Project("{FAE04EC0-301F-11D3-BF4B-00C04F79EFBC}") = "3_KlasyIInterfejsyGeneryczne", "3_KlasyIInterfejsyGeneryczne\3_KlasyIInterfejsyGeneryczne.csproj", "{82E392FE-F847-4A74-A3EE-8619E07AE4D3}"
EndProject
Project("{FAE04EC0-301F-11D3-BF4B-00C04F79EFBC}") = "4_MetodyDelegatyGeneryczne", "4_MetodyDelegatyGeneryczne\4_MetodyDelegatyGeneryczne.csproj", "{A517A6D9-A545-4543-A7C5-B3C0271FB461}"
EndProject
Global
	GlobalSection(SolutionConfigurationPlatforms) = preSolution
		Debug|Any CPU = Debug|Any CPU
		Release|Any CPU = Release|Any CPU
	EndGlobalSection
	GlobalSection(ProjectConfigurationPlatforms) = postSolution
		{57E206A7-6200-4167-A032-FAFB03686C8B}.Debug|Any CPU.ActiveCfg = Debug|Any CPU
		{57E206A7-6200-4167-A032-FAFB03686C8B}.Debug|Any CPU.Build.0 = Debug|Any CPU
		{57E206A7-6200-4167-A032-FAFB03686C8B}.Release|Any CPU.ActiveCfg = Release|Any CPU
		{57E206A7-6200-4167-A032-FAFB03686C8B}.Release|Any CPU.Build.0 = Release|Any CPU
		{B48CC3E7-8708-4AB0-BCE0-5FEA562FFA95}.Debug|Any CPU.ActiveCfg = Debug|Any CPU
		{B48CC3E7-8708-4AB0-BCE0-5FEA562FFA95}.Debug|Any CPU.Build.0 = Debug|Any CPU
		{B48CC3E7-8708-4AB0-BCE0-5FEA562FFA95}.Release|Any CPU.ActiveCfg = Release|Any CPU
		{B48CC3E7-8708-4AB0-BCE0-5FEA562FFA95}.Release|Any CPU.Build.0 = Release|Any CPU
		{964E0C34-E4D4-4CA7-9E88-17CAB7D3A0F9}.Debug|Any CPU.ActiveCfg = Debug|Any CPU
		{964E0C34-E4D4-4CA7-9E88-17CAB7D3A0F9}.Debug|Any CPU.Build.0 = Debug|Any CPU
		{964E0C34-E4D4-4CA7-9E88-17CAB7D3A0F9}.Release|Any CPU.ActiveCfg = Release|Any CPU
		{964E0C34-E4D4-4CA7-9E88-17CAB7D3A0F9}.Release|Any CPU.Build.0 = Release|Any CPU
		{1B8640FC-EBAB-4BC1-9376-7E89A7D9383A}.Debug|Any CPU.ActiveCfg = Debug|Any CPU
		{1B8640FC-EBAB-4BC1-9376-7E89A7D9383A}.Debug|Any CPU.Build.0 = Debug|Any CPU
		{1B8640FC-EBAB-4BC1-9376-7E89A7D9383A}.Release|Any CPU.ActiveCfg = Release|Any CPU
		{1B8640FC-EBAB-4BC1-9376-7E89A7D9383A}.Release|Any CPU.Build.0 = Release|Any CPU
		{82E392FE-F847-4A74-A3EE-8619E07AE4D3}.Debug|Any CPU.ActiveCfg = Debug|Any CPU
		{82E392FE-F847-4A74-A3EE-8619E07AE4D3}.Debug|Any CPU.Build.0 = Debug|Any CPU
		{82E392FE-F847-4A74-A3EE-8619E07AE4D3}.Release|Any CPU.ActiveCfg = Release|Any CPU
		{82E392FE-F847-4A74-A3EE-8619E07AE4D3}.Release|Any CPU.Build.0 = Release|Any CPU
		{A517A6D9-A545-4543-A7C5-B3C0271FB461}.Debug|Any CPU.ActiveCfg = Debug|Any CPU
		{A517A6D9-A545-4543-A7C5-B3C0271FB461}.Debug|Any CPU.Build.0 = Debug|Any CPU
		{A517A6D9-A545-4543-A7C5-B3C0271FB461}.Release|Any CPU.ActiveCfg = Release|Any CPU
		{A517A6D9-A545-4543-A7C5-B3C0271FB461}.Release|Any CPU.Build.0 = Release|Any CPU
	EndGlobalSection
	GlobalSection(SolutionProperties) = preSolution
		HideSolutionNode = FALSE
	EndGlobalSection
	GlobalSection(ExtensibilityGlobals) = postSolution
		SolutionGuid = {8BA39750-E335-4A3B-BEB7-153AC9F1E272}
	EndGlobalSection
EndGlobal
